
Microsoft Visual Studio Solution File, Format Version 12.00
# Visual Studio Version 17
VisualStudioVersion = 17.9.34616.47
MinimumVisualStudioVersion = 10.0.40219.1
Project("{FAE04EC0-301F-11D3-BF4B-00C04F79EFBC}") = "AgendaConsole", "AgendaConsole\AgendaConsole.csproj", "{D23AD3BC-41C0-4656-AE87-04A20593DEB6}"
EndProject
Global
	GlobalSection(SolutionConfigurationPlatforms) = preSolution
		Debug|Any CPU = Debug|Any CPU
		Release|Any CPU = Release|Any CPU
	EndGlobalSection
	GlobalSection(ProjectConfigurationPlatforms) = postSolution
		{D23AD3BC-41C0-4656-AE87-04A20593DEB6}.Debug|Any CPU.ActiveCfg = Debug|Any CPU
		{D23AD3BC-41C0-4656-AE87-04A20593DEB6}.Debug|Any CPU.Build.0 = Debug|Any CPU
		{D23AD3BC-41C0-4656-AE87-04A20593DEB6}.Release|Any CPU.ActiveCfg = Release|Any CPU
		{D23AD3BC-41C0-4656-AE87-04A20593DEB6}.Release|Any CPU.Build.0 = Release|Any CPU
	EndGlobalSection
	GlobalSection(SolutionProperties) = preSolution
		HideSolutionNode = FALSE
	EndGlobalSection
	GlobalSection(ExtensibilityGlobals) = postSolution
		SolutionGuid = {ED2809A0-F250-446C-9808-4ECAA2A7BB1E}
	EndGlobalSection
EndGlobal
