
Microsoft Visual Studio Solution File, Format Version 12.00
# Visual Studio Version 17
VisualStudioVersion = 17.9.34616.47
MinimumVisualStudioVersion = 10.0.40219.1
Project("{FAE04EC0-301F-11D3-BF4B-00C04F79EFBC}") = "Media", "Media\Media.csproj", "{4C2E6227-29E0-444B-98B1-8AE116F3C4F5}"
EndProject
Global
	GlobalSection(SolutionConfigurationPlatforms) = preSolution
		Debug|Any CPU = Debug|Any CPU
		Release|Any CPU = Release|Any CPU
	EndGlobalSection
	GlobalSection(ProjectConfigurationPlatforms) = postSolution
		{4C2E6227-29E0-444B-98B1-8AE116F3C4F5}.Debug|Any CPU.ActiveCfg = Debug|Any CPU
		{4C2E6227-29E0-444B-98B1-8AE116F3C4F5}.Debug|Any CPU.Build.0 = Debug|Any CPU
		{4C2E6227-29E0-444B-98B1-8AE116F3C4F5}.Release|Any CPU.ActiveCfg = Release|Any CPU
		{4C2E6227-29E0-444B-98B1-8AE116F3C4F5}.Release|Any CPU.Build.0 = Release|Any CPU
	EndGlobalSection
	GlobalSection(SolutionProperties) = preSolution
		HideSolutionNode = FALSE
	EndGlobalSection
	GlobalSection(ExtensibilityGlobals) = postSolution
		SolutionGuid = {35ECBEB9-B7D7-49E8-BB49-A41823E3E26B}
	EndGlobalSection
EndGlobal
