
Microsoft Visual Studio Solution File, Format Version 12.00
# Visual Studio Version 17
VisualStudioVersion = 17.9.34616.47
MinimumVisualStudioVersion = 10.0.40219.1
Project("{FAE04EC0-301F-11D3-BF4B-00C04F79EFBC}") = "LeitordeTexto", "LeitordeTexto\LeitordeTexto.csproj", "{3DAA5FEB-6242-4D53-B628-45731BCB1CC4}"
EndProject
Global
	GlobalSection(SolutionConfigurationPlatforms) = preSolution
		Debug|Any CPU = Debug|Any CPU
		Release|Any CPU = Release|Any CPU
	EndGlobalSection
	GlobalSection(ProjectConfigurationPlatforms) = postSolution
		{3DAA5FEB-6242-4D53-B628-45731BCB1CC4}.Debug|Any CPU.ActiveCfg = Debug|Any CPU
		{3DAA5FEB-6242-4D53-B628-45731BCB1CC4}.Debug|Any CPU.Build.0 = Debug|Any CPU
		{3DAA5FEB-6242-4D53-B628-45731BCB1CC4}.Release|Any CPU.ActiveCfg = Release|Any CPU
		{3DAA5FEB-6242-4D53-B628-45731BCB1CC4}.Release|Any CPU.Build.0 = Release|Any CPU
	EndGlobalSection
	GlobalSection(SolutionProperties) = preSolution
		HideSolutionNode = FALSE
	EndGlobalSection
	GlobalSection(ExtensibilityGlobals) = postSolution
		SolutionGuid = {CE3CCAF3-3D37-4271-BF0F-3C230F6AE2AA}
	EndGlobalSection
EndGlobal
