
Microsoft Visual Studio Solution File, Format Version 12.00
# Visual Studio Version 17
VisualStudioVersion = 17.9.34616.47
MinimumVisualStudioVersion = 10.0.40219.1
Project("{FAE04EC0-301F-11D3-BF4B-00C04F79EFBC}") = "ConversaodeDados", "ConversaodeDados\ConversaodeDados.csproj", "{5D29B829-D51B-4314-B75B-715A840E0042}"
EndProject
Global
	GlobalSection(SolutionConfigurationPlatforms) = preSolution
		Debug|Any CPU = Debug|Any CPU
		Release|Any CPU = Release|Any CPU
	EndGlobalSection
	GlobalSection(ProjectConfigurationPlatforms) = postSolution
		{5D29B829-D51B-4314-B75B-715A840E0042}.Debug|Any CPU.ActiveCfg = Debug|Any CPU
		{5D29B829-D51B-4314-B75B-715A840E0042}.Debug|Any CPU.Build.0 = Debug|Any CPU
		{5D29B829-D51B-4314-B75B-715A840E0042}.Release|Any CPU.ActiveCfg = Release|Any CPU
		{5D29B829-D51B-4314-B75B-715A840E0042}.Release|Any CPU.Build.0 = Release|Any CPU
	EndGlobalSection
	GlobalSection(SolutionProperties) = preSolution
		HideSolutionNode = FALSE
	EndGlobalSection
	GlobalSection(ExtensibilityGlobals) = postSolution
		SolutionGuid = {5C65D2AD-C906-43A2-A1C4-90478A8CE0E6}
	EndGlobalSection
EndGlobal
