
Microsoft Visual Studio Solution File, Format Version 12.00
# Visual Studio Version 17
VisualStudioVersion = 17.9.34616.47
MinimumVisualStudioVersion = 10.0.40219.1
Project("{FAE04EC0-301F-11D3-BF4B-00C04F79EFBC}") = "Variaveis", "Variaveis\Variaveis.csproj", "{AFE9BED8-28B9-4B67-8ECF-33DC317C926C}"
EndProject
Global
	GlobalSection(SolutionConfigurationPlatforms) = preSolution
		Debug|Any CPU = Debug|Any CPU
		Release|Any CPU = Release|Any CPU
	EndGlobalSection
	GlobalSection(ProjectConfigurationPlatforms) = postSolution
		{AFE9BED8-28B9-4B67-8ECF-33DC317C926C}.Debug|Any CPU.ActiveCfg = Debug|Any CPU
		{AFE9BED8-28B9-4B67-8ECF-33DC317C926C}.Debug|Any CPU.Build.0 = Debug|Any CPU
		{AFE9BED8-28B9-4B67-8ECF-33DC317C926C}.Release|Any CPU.ActiveCfg = Release|Any CPU
		{AFE9BED8-28B9-4B67-8ECF-33DC317C926C}.Release|Any CPU.Build.0 = Release|Any CPU
	EndGlobalSection
	GlobalSection(SolutionProperties) = preSolution
		HideSolutionNode = FALSE
	EndGlobalSection
	GlobalSection(ExtensibilityGlobals) = postSolution
		SolutionGuid = {D546FA5C-5D7E-4817-BA47-DF1D994C949A}
	EndGlobalSection
EndGlobal
