
Microsoft Visual Studio Solution File, Format Version 12.00
# Visual Studio Version 17
VisualStudioVersion = 17.9.34616.47
MinimumVisualStudioVersion = 10.0.40219.1
Project("{FAE04EC0-301F-11D3-BF4B-00C04F79EFBC}") = "NumeroParouImpar", "NumeroParouImpar\NumeroParouImpar.csproj", "{956AF62B-DDF2-4666-9858-69AA9DC8CFEA}"
EndProject
Global
	GlobalSection(SolutionConfigurationPlatforms) = preSolution
		Debug|Any CPU = Debug|Any CPU
		Release|Any CPU = Release|Any CPU
	EndGlobalSection
	GlobalSection(ProjectConfigurationPlatforms) = postSolution
		{956AF62B-DDF2-4666-9858-69AA9DC8CFEA}.Debug|Any CPU.ActiveCfg = Debug|Any CPU
		{956AF62B-DDF2-4666-9858-69AA9DC8CFEA}.Debug|Any CPU.Build.0 = Debug|Any CPU
		{956AF62B-DDF2-4666-9858-69AA9DC8CFEA}.Release|Any CPU.ActiveCfg = Release|Any CPU
		{956AF62B-DDF2-4666-9858-69AA9DC8CFEA}.Release|Any CPU.Build.0 = Release|Any CPU
	EndGlobalSection
	GlobalSection(SolutionProperties) = preSolution
		HideSolutionNode = FALSE
	EndGlobalSection
	GlobalSection(ExtensibilityGlobals) = postSolution
		SolutionGuid = {F7B5045F-FA73-409A-B93D-79CD83811FE3}
	EndGlobalSection
EndGlobal
