
Microsoft Visual Studio Solution File, Format Version 12.00
# Visual Studio Version 17
VisualStudioVersion = 17.9.34616.47
MinimumVisualStudioVersion = 10.0.40219.1
Project("{FAE04EC0-301F-11D3-BF4B-00C04F79EFBC}") = "TipoEleitor", "TipoEleitor\TipoEleitor.csproj", "{808A505B-E49F-442F-87AF-57495A9887B4}"
EndProject
Global
	GlobalSection(SolutionConfigurationPlatforms) = preSolution
		Debug|Any CPU = Debug|Any CPU
		Release|Any CPU = Release|Any CPU
	EndGlobalSection
	GlobalSection(ProjectConfigurationPlatforms) = postSolution
		{808A505B-E49F-442F-87AF-57495A9887B4}.Debug|Any CPU.ActiveCfg = Debug|Any CPU
		{808A505B-E49F-442F-87AF-57495A9887B4}.Debug|Any CPU.Build.0 = Debug|Any CPU
		{808A505B-E49F-442F-87AF-57495A9887B4}.Release|Any CPU.ActiveCfg = Release|Any CPU
		{808A505B-E49F-442F-87AF-57495A9887B4}.Release|Any CPU.Build.0 = Release|Any CPU
	EndGlobalSection
	GlobalSection(SolutionProperties) = preSolution
		HideSolutionNode = FALSE
	EndGlobalSection
	GlobalSection(ExtensibilityGlobals) = postSolution
		SolutionGuid = {F068475A-F3DB-45A3-8DD5-ADD5336C1423}
	EndGlobalSection
EndGlobal
