
Microsoft Visual Studio Solution File, Format Version 12.00
# Visual Studio Version 17
VisualStudioVersion = 17.9.34616.47
MinimumVisualStudioVersion = 10.0.40219.1
Project("{FAE04EC0-301F-11D3-BF4B-00C04F79EFBC}") = "NumeroPrimoWhile", "NumeroPrimoWhile\NumeroPrimoWhile.csproj", "{AF78D06D-47BA-463B-947E-40E1B66DB052}"
EndProject
Global
	GlobalSection(SolutionConfigurationPlatforms) = preSolution
		Debug|Any CPU = Debug|Any CPU
		Release|Any CPU = Release|Any CPU
	EndGlobalSection
	GlobalSection(ProjectConfigurationPlatforms) = postSolution
		{AF78D06D-47BA-463B-947E-40E1B66DB052}.Debug|Any CPU.ActiveCfg = Debug|Any CPU
		{AF78D06D-47BA-463B-947E-40E1B66DB052}.Debug|Any CPU.Build.0 = Debug|Any CPU
		{AF78D06D-47BA-463B-947E-40E1B66DB052}.Release|Any CPU.ActiveCfg = Release|Any CPU
		{AF78D06D-47BA-463B-947E-40E1B66DB052}.Release|Any CPU.Build.0 = Release|Any CPU
	EndGlobalSection
	GlobalSection(SolutionProperties) = preSolution
		HideSolutionNode = FALSE
	EndGlobalSection
	GlobalSection(ExtensibilityGlobals) = postSolution
		SolutionGuid = {16E52B33-918D-4052-B802-C0F8A31906FE}
	EndGlobalSection
EndGlobal
