
Microsoft Visual Studio Solution File, Format Version 12.00
# Visual Studio Version 17
VisualStudioVersion = 17.9.34616.47
MinimumVisualStudioVersion = 10.0.40219.1
Project("{FAE04EC0-301F-11D3-BF4B-00C04F79EFBC}") = "QuoocienteEResto", "QuoocienteEResto\QuoocienteEResto.csproj", "{A86E68C0-4A6D-4809-AC4F-80D604437515}"
EndProject
Global
	GlobalSection(SolutionConfigurationPlatforms) = preSolution
		Debug|Any CPU = Debug|Any CPU
		Release|Any CPU = Release|Any CPU
	EndGlobalSection
	GlobalSection(ProjectConfigurationPlatforms) = postSolution
		{A86E68C0-4A6D-4809-AC4F-80D604437515}.Debug|Any CPU.ActiveCfg = Debug|Any CPU
		{A86E68C0-4A6D-4809-AC4F-80D604437515}.Debug|Any CPU.Build.0 = Debug|Any CPU
		{A86E68C0-4A6D-4809-AC4F-80D604437515}.Release|Any CPU.ActiveCfg = Release|Any CPU
		{A86E68C0-4A6D-4809-AC4F-80D604437515}.Release|Any CPU.Build.0 = Release|Any CPU
	EndGlobalSection
	GlobalSection(SolutionProperties) = preSolution
		HideSolutionNode = FALSE
	EndGlobalSection
	GlobalSection(ExtensibilityGlobals) = postSolution
		SolutionGuid = {3BF1B743-9556-4AFE-B2F8-5DDE77514755}
	EndGlobalSection
EndGlobal
