
Microsoft Visual Studio Solution File, Format Version 12.00
# Visual Studio Version 17
VisualStudioVersion = 17.9.34616.47
MinimumVisualStudioVersion = 10.0.40219.1
Project("{FAE04EC0-301F-11D3-BF4B-00C04F79EFBC}") = "Tabuadado2", "Tabuadado2\Tabuadado2.csproj", "{6C6941EA-BEDD-474B-A9AE-212FA0F4A163}"
EndProject
Global
	GlobalSection(SolutionConfigurationPlatforms) = preSolution
		Debug|Any CPU = Debug|Any CPU
		Release|Any CPU = Release|Any CPU
	EndGlobalSection
	GlobalSection(ProjectConfigurationPlatforms) = postSolution
		{6C6941EA-BEDD-474B-A9AE-212FA0F4A163}.Debug|Any CPU.ActiveCfg = Debug|Any CPU
		{6C6941EA-BEDD-474B-A9AE-212FA0F4A163}.Debug|Any CPU.Build.0 = Debug|Any CPU
		{6C6941EA-BEDD-474B-A9AE-212FA0F4A163}.Release|Any CPU.ActiveCfg = Release|Any CPU
		{6C6941EA-BEDD-474B-A9AE-212FA0F4A163}.Release|Any CPU.Build.0 = Release|Any CPU
	EndGlobalSection
	GlobalSection(SolutionProperties) = preSolution
		HideSolutionNode = FALSE
	EndGlobalSection
	GlobalSection(ExtensibilityGlobals) = postSolution
		SolutionGuid = {1E7BE467-8E75-45A1-A03D-E2A52291680E}
	EndGlobalSection
EndGlobal
