
Microsoft Visual Studio Solution File, Format Version 12.00
# Visual Studio Version 17
VisualStudioVersion = 17.9.34616.47
MinimumVisualStudioVersion = 10.0.40219.1
Project("{FAE04EC0-301F-11D3-BF4B-00C04F79EFBC}") = "EstruturaFOR", "EstruturaFOR\EstruturaFOR.csproj", "{02B123FC-3699-4A4E-941F-4E87B054F5D6}"
EndProject
Global
	GlobalSection(SolutionConfigurationPlatforms) = preSolution
		Debug|Any CPU = Debug|Any CPU
		Release|Any CPU = Release|Any CPU
	EndGlobalSection
	GlobalSection(ProjectConfigurationPlatforms) = postSolution
		{02B123FC-3699-4A4E-941F-4E87B054F5D6}.Debug|Any CPU.ActiveCfg = Debug|Any CPU
		{02B123FC-3699-4A4E-941F-4E87B054F5D6}.Debug|Any CPU.Build.0 = Debug|Any CPU
		{02B123FC-3699-4A4E-941F-4E87B054F5D6}.Release|Any CPU.ActiveCfg = Release|Any CPU
		{02B123FC-3699-4A4E-941F-4E87B054F5D6}.Release|Any CPU.Build.0 = Release|Any CPU
	EndGlobalSection
	GlobalSection(SolutionProperties) = preSolution
		HideSolutionNode = FALSE
	EndGlobalSection
	GlobalSection(ExtensibilityGlobals) = postSolution
		SolutionGuid = {655B7E31-14A9-4B5B-937D-006AE12E452A}
	EndGlobalSection
EndGlobal
